// !$*UTF8*$!
{
	archiveVersion = 1;
	classes = {
	};
	objectVersion = 50;
	objects = {

/* Begin PBXBuildFile section */
		6A321EFB223FC9F1006000E6 /* Assets.xcassets in Resources */ = {isa = PBXBuildFile; fileRef = 6A321EFA223FC9F1006000E6 /* Assets.xcassets */; };
		6A3B247D21D41CA100474B87 /* AppDelegate.swift in Sources */ = {isa = PBXBuildFile; fileRef = 6A3B247C21D41CA100474B87 /* AppDelegate.swift */; };
		6A3B248321D41CA100474B87 /* GameScene.swift in Sources */ = {isa = PBXBuildFile; fileRef = 6A3B248221D41CA100474B87 /* GameScene.swift */; };
		6A3B248521D41CA100474B87 /* GameViewController.swift in Sources */ = {isa = PBXBuildFile; fileRef = 6A3B248421D41CA100474B87 /* GameViewController.swift */; };
		6A3B248821D41CA100474B87 /* Main.storyboard in Resources */ = {isa = PBXBuildFile; fileRef = 6A3B248621D41CA100474B87 /* Main.storyboard */; };
		6A3B248D21D41CA200474B87 /* LaunchScreen.storyboard in Resources */ = {isa = PBXBuildFile; fileRef = 6A3B248B21D41CA200474B87 /* LaunchScreen.storyboard */; };
		6A3B249821D41CA200474B87 /* Midi_RunTests.swift in Sources */ = {isa = PBXBuildFile; fileRef = 6A3B249721D41CA200474B87 /* Midi_RunTests.swift */; };
		6A3B24A321D41CA200474B87 /* Midi_RunUITests.swift in Sources */ = {isa = PBXBuildFile; fileRef = 6A3B24A221D41CA200474B87 /* Midi_RunUITests.swift */; };
		6A3B24B521D421D300474B87 /* Default-568h@2x.png in Resources */ = {isa = PBXBuildFile; fileRef = 6A3B24B421D421D300474B87 /* Default-568h@2x.png */; };
		6A3B24B921D4230500474B87 /* Level_0-1.sks in Resources */ = {isa = PBXBuildFile; fileRef = 6A3B24B821D4230500474B87 /* Level_0-1.sks */; };
		6A3B24BC21D4249200474B87 /* TileSets.sks in Resources */ = {isa = PBXBuildFile; fileRef = 6A3B24BB21D4249200474B87 /* TileSets.sks */; };
		6A3B24BF21D42B1300474B87 /* SKNode+Extensions.swift in Sources */ = {isa = PBXBuildFile; fileRef = 6A3B24BE21D42B1300474B87 /* SKNode+Extensions.swift */; };
		6A9AA518228216E800A89F1F /* MenuScene.swift in Sources */ = {isa = PBXBuildFile; fileRef = 6A9AA517228216E800A89F1F /* MenuScene.swift */; };
		6AB0E23C21D52E95009C0B30 /* Layer.swift in Sources */ = {isa = PBXBuildFile; fileRef = 6AB0E23B21D52E95009C0B30 /* Layer.swift */; };
		6AB0E23E21D53BA2009C0B30 /* RepeatingLayer.swift in Sources */ = {isa = PBXBuildFile; fileRef = 6AB0E23D21D53BA2009C0B30 /* RepeatingLayer.swift */; };
		6AB0E24021D5415F009C0B30 /* GameConstants.swift in Sources */ = {isa = PBXBuildFile; fileRef = 6AB0E23F21D5415F009C0B30 /* GameConstants.swift */; };
		6AB0E24321D54807009C0B30 /* Player.swift in Sources */ = {isa = PBXBuildFile; fileRef = 6AB0E24221D54807009C0B30 /* Player.swift */; };
		6AB0E24621D54F74009C0B30 /* PhysicsHelper.swift in Sources */ = {isa = PBXBuildFile; fileRef = 6AB0E24521D54F74009C0B30 /* PhysicsHelper.swift */; };
		6AB0E24821D55874009C0B30 /* GroundNode.swift in Sources */ = {isa = PBXBuildFile; fileRef = 6AB0E24721D55874009C0B30 /* GroundNode.swift */; };
		6AB0E24A21D55CBE009C0B30 /* AnimationHelper.swift in Sources */ = {isa = PBXBuildFile; fileRef = 6AB0E24921D55CBE009C0B30 /* AnimationHelper.swift */; };
		6AE06ADE22661335002107AC /* Random.swift in Sources */ = {isa = PBXBuildFile; fileRef = 6AE06ADD22661335002107AC /* Random.swift */; };
		6AFDEB2A21DFE625007BEBFE /* ObjectHelper.swift in Sources */ = {isa = PBXBuildFile; fileRef = 6AFDEB2921DFE625007BEBFE /* ObjectHelper.swift */; };
/* End PBXBuildFile section */

/* Begin PBXContainerItemProxy section */
		6A3B249421D41CA200474B87 /* PBXContainerItemProxy */ = {
			isa = PBXContainerItemProxy;
			containerPortal = 6A3B247121D41CA100474B87 /* Project object */;
			proxyType = 1;
			remoteGlobalIDString = 6A3B247821D41CA100474B87;
			remoteInfo = "Midi Run";
		};
		6A3B249F21D41CA200474B87 /* PBXContainerItemProxy */ = {
			isa = PBXContainerItemProxy;
			containerPortal = 6A3B247121D41CA100474B87 /* Project object */;
			proxyType = 1;
			remoteGlobalIDString = 6A3B247821D41CA100474B87;
			remoteInfo = "Midi Run";
		};
/* End PBXContainerItemProxy section */

/* Begin PBXFileReference section */
		6A321EFA223FC9F1006000E6 /* Assets.xcassets */ = {isa = PBXFileReference; lastKnownFileType = folder.assetcatalog; name = Assets.xcassets; path = "Midi Run/Assets.xcassets"; sourceTree = SOURCE_ROOT; };
		6A3B247921D41CA100474B87 /* Midi Run.app */ = {isa = PBXFileReference; explicitFileType = wrapper.application; includeInIndex = 0; path = "Midi Run.app"; sourceTree = BUILT_PRODUCTS_DIR; };
		6A3B247C21D41CA100474B87 /* AppDelegate.swift */ = {isa = PBXFileReference; lastKnownFileType = sourcecode.swift; path = AppDelegate.swift; sourceTree = "<group>"; };
		6A3B248221D41CA100474B87 /* GameScene.swift */ = {isa = PBXFileReference; lastKnownFileType = sourcecode.swift; path = GameScene.swift; sourceTree = "<group>"; };
		6A3B248421D41CA100474B87 /* GameViewController.swift */ = {isa = PBXFileReference; lastKnownFileType = sourcecode.swift; path = GameViewController.swift; sourceTree = "<group>"; };
		6A3B248721D41CA100474B87 /* Base */ = {isa = PBXFileReference; lastKnownFileType = file.storyboard; name = Base; path = Base.lproj/Main.storyboard; sourceTree = "<group>"; };
		6A3B248C21D41CA200474B87 /* Base */ = {isa = PBXFileReference; lastKnownFileType = file.storyboard; name = Base; path = Base.lproj/LaunchScreen.storyboard; sourceTree = "<group>"; };
		6A3B248E21D41CA200474B87 /* Info.plist */ = {isa = PBXFileReference; lastKnownFileType = text.plist.xml; path = Info.plist; sourceTree = "<group>"; };
		6A3B249321D41CA200474B87 /* Midi RunTests.xctest */ = {isa = PBXFileReference; explicitFileType = wrapper.cfbundle; includeInIndex = 0; path = "Midi RunTests.xctest"; sourceTree = BUILT_PRODUCTS_DIR; };
		6A3B249721D41CA200474B87 /* Midi_RunTests.swift */ = {isa = PBXFileReference; lastKnownFileType = sourcecode.swift; path = Midi_RunTests.swift; sourceTree = "<group>"; };
		6A3B249921D41CA200474B87 /* Info.plist */ = {isa = PBXFileReference; lastKnownFileType = text.plist.xml; path = Info.plist; sourceTree = "<group>"; };
		6A3B249E21D41CA200474B87 /* Midi RunUITests.xctest */ = {isa = PBXFileReference; explicitFileType = wrapper.cfbundle; includeInIndex = 0; path = "Midi RunUITests.xctest"; sourceTree = BUILT_PRODUCTS_DIR; };
		6A3B24A221D41CA200474B87 /* Midi_RunUITests.swift */ = {isa = PBXFileReference; lastKnownFileType = sourcecode.swift; path = Midi_RunUITests.swift; sourceTree = "<group>"; };
		6A3B24A421D41CA200474B87 /* Info.plist */ = {isa = PBXFileReference; lastKnownFileType = text.plist.xml; path = Info.plist; sourceTree = "<group>"; };
		6A3B24B421D421D300474B87 /* Default-568h@2x.png */ = {isa = PBXFileReference; lastKnownFileType = image.png; path = "Default-568h@2x.png"; sourceTree = "<group>"; };
		6A3B24B821D4230500474B87 /* Level_0-1.sks */ = {isa = PBXFileReference; lastKnownFileType = file.sks; path = "Level_0-1.sks"; sourceTree = "<group>"; };
		6A3B24BB21D4249200474B87 /* TileSets.sks */ = {isa = PBXFileReference; lastKnownFileType = file.sks; path = TileSets.sks; sourceTree = "<group>"; };
		6A3B24BE21D42B1300474B87 /* SKNode+Extensions.swift */ = {isa = PBXFileReference; lastKnownFileType = sourcecode.swift; path = "SKNode+Extensions.swift"; sourceTree = "<group>"; };
		6A9AA517228216E800A89F1F /* MenuScene.swift */ = {isa = PBXFileReference; lastKnownFileType = sourcecode.swift; path = MenuScene.swift; sourceTree = "<group>"; };
		6AB0E23B21D52E95009C0B30 /* Layer.swift */ = {isa = PBXFileReference; lastKnownFileType = sourcecode.swift; path = Layer.swift; sourceTree = "<group>"; };
		6AB0E23D21D53BA2009C0B30 /* RepeatingLayer.swift */ = {isa = PBXFileReference; lastKnownFileType = sourcecode.swift; path = RepeatingLayer.swift; sourceTree = "<group>"; };
		6AB0E23F21D5415F009C0B30 /* GameConstants.swift */ = {isa = PBXFileReference; lastKnownFileType = sourcecode.swift; path = GameConstants.swift; sourceTree = "<group>"; };
		6AB0E24221D54807009C0B30 /* Player.swift */ = {isa = PBXFileReference; lastKnownFileType = sourcecode.swift; path = Player.swift; sourceTree = "<group>"; };
		6AB0E24521D54F74009C0B30 /* PhysicsHelper.swift */ = {isa = PBXFileReference; lastKnownFileType = sourcecode.swift; path = PhysicsHelper.swift; sourceTree = "<group>"; };
		6AB0E24721D55874009C0B30 /* GroundNode.swift */ = {isa = PBXFileReference; lastKnownFileType = sourcecode.swift; path = GroundNode.swift; sourceTree = "<group>"; };
		6AB0E24921D55CBE009C0B30 /* AnimationHelper.swift */ = {isa = PBXFileReference; lastKnownFileType = sourcecode.swift; path = AnimationHelper.swift; sourceTree = "<group>"; };
		6AE06ADD22661335002107AC /* Random.swift */ = {isa = PBXFileReference; lastKnownFileType = sourcecode.swift; path = Random.swift; sourceTree = "<group>"; };
		6AFDEB2921DFE625007BEBFE /* ObjectHelper.swift */ = {isa = PBXFileReference; lastKnownFileType = sourcecode.swift; path = ObjectHelper.swift; sourceTree = "<group>"; };
/* End PBXFileReference section */

/* Begin PBXFrameworksBuildPhase section */
		6A3B247621D41CA100474B87 /* Frameworks */ = {
			isa = PBXFrameworksBuildPhase;
			buildActionMask = 2147483647;
			files = (
			);
			runOnlyForDeploymentPostprocessing = 0;
		};
		6A3B249021D41CA200474B87 /* Frameworks */ = {
			isa = PBXFrameworksBuildPhase;
			buildActionMask = 2147483647;
			files = (
			);
			runOnlyForDeploymentPostprocessing = 0;
		};
		6A3B249B21D41CA200474B87 /* Frameworks */ = {
			isa = PBXFrameworksBuildPhase;
			buildActionMask = 2147483647;
			files = (
			);
			runOnlyForDeploymentPostprocessing = 0;
		};
/* End PBXFrameworksBuildPhase section */

/* Begin PBXGroup section */
		6A3B247021D41CA100474B87 = {
			isa = PBXGroup;
			children = (
				6A3B24B421D421D300474B87 /* Default-568h@2x.png */,
				6A3B247B21D41CA100474B87 /* Midi Run */,
				6A3B249621D41CA200474B87 /* Midi RunTests */,
				6A3B24A121D41CA200474B87 /* Midi RunUITests */,
				6A3B247A21D41CA100474B87 /* Products */,
			);
			sourceTree = "<group>";
		};
		6A3B247A21D41CA100474B87 /* Products */ = {
			isa = PBXGroup;
			children = (
				6A3B247921D41CA100474B87 /* Midi Run.app */,
				6A3B249321D41CA200474B87 /* Midi RunTests.xctest */,
				6A3B249E21D41CA200474B87 /* Midi RunUITests.xctest */,
			);
			name = Products;
			sourceTree = "<group>";
		};
		6A3B247B21D41CA100474B87 /* Midi Run */ = {
			isa = PBXGroup;
			children = (
				6AB0E24421D54F64009C0B30 /* Helper Files */,
				6AB0E24121D547E1009C0B30 /* Custom Classes */,
				6A3B24BD21D42AF600474B87 /* Extensions */,
				6A3B24BA21D4245300474B87 /* Tiles */,
				6A3B24B621D4229000474B87 /* Scene Editor Files */,
				6A3B24B321D4207300474B87 /* Scenes */,
				6A321EFA223FC9F1006000E6 /* Assets.xcassets */,
				6A3B24B221D4206800474B87 /* Controller */,
				6A3B24B121D4205800474B87 /* UI */,
				6A3B24B021D4203C00474B87 /* Template */,
			);
			path = "Midi Run";
			sourceTree = "<group>";
		};
		6A3B249621D41CA200474B87 /* Midi RunTests */ = {
			isa = PBXGroup;
			children = (
				6A3B249721D41CA200474B87 /* Midi_RunTests.swift */,
				6A3B249921D41CA200474B87 /* Info.plist */,
			);
			path = "Midi RunTests";
			sourceTree = "<group>";
		};
		6A3B24A121D41CA200474B87 /* Midi RunUITests */ = {
			isa = PBXGroup;
			children = (
				6A3B24A221D41CA200474B87 /* Midi_RunUITests.swift */,
				6A3B24A421D41CA200474B87 /* Info.plist */,
			);
			path = "Midi RunUITests";
			sourceTree = "<group>";
		};
		6A3B24B021D4203C00474B87 /* Template */ = {
			isa = PBXGroup;
			children = (
				6A3B247C21D41CA100474B87 /* AppDelegate.swift */,
				6A3B248E21D41CA200474B87 /* Info.plist */,
				6AB0E23F21D5415F009C0B30 /* GameConstants.swift */,
			);
			path = Template;
			sourceTree = "<group>";
		};
		6A3B24B121D4205800474B87 /* UI */ = {
			isa = PBXGroup;
			children = (
				6A3B248621D41CA100474B87 /* Main.storyboard */,
				6A3B248B21D41CA200474B87 /* LaunchScreen.storyboard */,
			);
			path = UI;
			sourceTree = "<group>";
		};
		6A3B24B221D4206800474B87 /* Controller */ = {
			isa = PBXGroup;
			children = (
				6A3B248421D41CA100474B87 /* GameViewController.swift */,
			);
			path = Controller;
			sourceTree = "<group>";
		};
		6A3B24B321D4207300474B87 /* Scenes */ = {
			isa = PBXGroup;
			children = (
				6A3B248221D41CA100474B87 /* GameScene.swift */,
				6A9AA517228216E800A89F1F /* MenuScene.swift */,
			);
			path = Scenes;
			sourceTree = "<group>";
		};
		6A3B24B621D4229000474B87 /* Scene Editor Files */ = {
			isa = PBXGroup;
			children = (
				6A3B24B721D4229800474B87 /* Levels */,
			);
			path = "Scene Editor Files";
			sourceTree = "<group>";
		};
		6A3B24B721D4229800474B87 /* Levels */ = {
			isa = PBXGroup;
			children = (
				6A3B24B821D4230500474B87 /* Level_0-1.sks */,
			);
			path = Levels;
			sourceTree = "<group>";
		};
		6A3B24BA21D4245300474B87 /* Tiles */ = {
			isa = PBXGroup;
			children = (
				6A3B24BB21D4249200474B87 /* TileSets.sks */,
			);
			path = Tiles;
			sourceTree = "<group>";
		};
		6A3B24BD21D42AF600474B87 /* Extensions */ = {
			isa = PBXGroup;
			children = (
				6A3B24BE21D42B1300474B87 /* SKNode+Extensions.swift */,
				6AB0E23A21D52E7A009C0B30 /* Layers */,
			);
			path = Extensions;
			sourceTree = "<group>";
		};
		6AB0E23A21D52E7A009C0B30 /* Layers */ = {
			isa = PBXGroup;
			children = (
				6AB0E23B21D52E95009C0B30 /* Layer.swift */,
				6AB0E23D21D53BA2009C0B30 /* RepeatingLayer.swift */,
			);
			path = Layers;
			sourceTree = "<group>";
		};
		6AB0E24121D547E1009C0B30 /* Custom Classes */ = {
			isa = PBXGroup;
			children = (
				6AB0E24221D54807009C0B30 /* Player.swift */,
				6AB0E24721D55874009C0B30 /* GroundNode.swift */,
				6AE06ADD22661335002107AC /* Random.swift */,
			);
			path = "Custom Classes";
			sourceTree = "<group>";
		};
		6AB0E24421D54F64009C0B30 /* Helper Files */ = {
			isa = PBXGroup;
			children = (
				6AB0E24521D54F74009C0B30 /* PhysicsHelper.swift */,
				6AB0E24921D55CBE009C0B30 /* AnimationHelper.swift */,
				6AFDEB2921DFE625007BEBFE /* ObjectHelper.swift */,
			);
			path = "Helper Files";
			sourceTree = "<group>";
		};
/* End PBXGroup section */

/* Begin PBXNativeTarget section */
		6A3B247821D41CA100474B87 /* Midi Run */ = {
			isa = PBXNativeTarget;
			buildConfigurationList = 6A3B24A721D41CA200474B87 /* Build configuration list for PBXNativeTarget "Midi Run" */;
			buildPhases = (
				6A3B247521D41CA100474B87 /* Sources */,
				6A3B247621D41CA100474B87 /* Frameworks */,
				6A3B247721D41CA100474B87 /* Resources */,
			);
			buildRules = (
			);
			dependencies = (
			);
			name = "Midi Run";
			productName = "Midi Run";
			productReference = 6A3B247921D41CA100474B87 /* Midi Run.app */;
			productType = "com.apple.product-type.application";
		};
		6A3B249221D41CA200474B87 /* Midi RunTests */ = {
			isa = PBXNativeTarget;
			buildConfigurationList = 6A3B24AA21D41CA200474B87 /* Build configuration list for PBXNativeTarget "Midi RunTests" */;
			buildPhases = (
				6A3B248F21D41CA200474B87 /* Sources */,
				6A3B249021D41CA200474B87 /* Frameworks */,
				6A3B249121D41CA200474B87 /* Resources */,
			);
			buildRules = (
			);
			dependencies = (
				6A3B249521D41CA200474B87 /* PBXTargetDependency */,
			);
			name = "Midi RunTests";
			productName = "Midi RunTests";
			productReference = 6A3B249321D41CA200474B87 /* Midi RunTests.xctest */;
			productType = "com.apple.product-type.bundle.unit-test";
		};
		6A3B249D21D41CA200474B87 /* Midi RunUITests */ = {
			isa = PBXNativeTarget;
			buildConfigurationList = 6A3B24AD21D41CA200474B87 /* Build configuration list for PBXNativeTarget "Midi RunUITests" */;
			buildPhases = (
				6A3B249A21D41CA200474B87 /* Sources */,
				6A3B249B21D41CA200474B87 /* Frameworks */,
				6A3B249C21D41CA200474B87 /* Resources */,
			);
			buildRules = (
			);
			dependencies = (
				6A3B24A021D41CA200474B87 /* PBXTargetDependency */,
			);
			name = "Midi RunUITests";
			productName = "Midi RunUITests";
			productReference = 6A3B249E21D41CA200474B87 /* Midi RunUITests.xctest */;
			productType = "com.apple.product-type.bundle.ui-testing";
		};
/* End PBXNativeTarget section */

/* Begin PBXProject section */
		6A3B247121D41CA100474B87 /* Project object */ = {
			isa = PBXProject;
			attributes = {
				LastSwiftUpdateCheck = 1000;
				LastUpgradeCheck = 1000;
				ORGANIZATIONNAME = "Athanasia Kalaitzidis";
				TargetAttributes = {
					6A3B247821D41CA100474B87 = {
						CreatedOnToolsVersion = 10.0;
					};
					6A3B249221D41CA200474B87 = {
						CreatedOnToolsVersion = 10.0;
						TestTargetID = 6A3B247821D41CA100474B87;
					};
					6A3B249D21D41CA200474B87 = {
						CreatedOnToolsVersion = 10.0;
						TestTargetID = 6A3B247821D41CA100474B87;
					};
				};
			};
			buildConfigurationList = 6A3B247421D41CA100474B87 /* Build configuration list for PBXProject "Midi Run" */;
			compatibilityVersion = "Xcode 9.3";
			developmentRegion = en;
			hasScannedForEncodings = 0;
			knownRegions = (
				en,
				Base,
			);
			mainGroup = 6A3B247021D41CA100474B87;
			productRefGroup = 6A3B247A21D41CA100474B87 /* Products */;
			projectDirPath = "";
			projectRoot = "";
			targets = (
				6A3B247821D41CA100474B87 /* Midi Run */,
				6A3B249221D41CA200474B87 /* Midi RunTests */,
				6A3B249D21D41CA200474B87 /* Midi RunUITests */,
			);
		};
/* End PBXProject section */

/* Begin PBXResourcesBuildPhase section */
		6A3B247721D41CA100474B87 /* Resources */ = {
			isa = PBXResourcesBuildPhase;
			buildActionMask = 2147483647;
			files = (
				6A3B24BC21D4249200474B87 /* TileSets.sks in Resources */,
				6A3B248821D41CA100474B87 /* Main.storyboard in Resources */,
				6A3B24B521D421D300474B87 /* Default-568h@2x.png in Resources */,
				6A321EFB223FC9F1006000E6 /* Assets.xcassets in Resources */,
				6A3B24B921D4230500474B87 /* Level_0-1.sks in Resources */,
				6A3B248D21D41CA200474B87 /* LaunchScreen.storyboard in Resources */,
			);
			runOnlyForDeploymentPostprocessing = 0;
		};
		6A3B249121D41CA200474B87 /* Resources */ = {
			isa = PBXResourcesBuildPhase;
			buildActionMask = 2147483647;
			files = (
			);
			runOnlyForDeploymentPostprocessing = 0;
		};
		6A3B249C21D41CA200474B87 /* Resources */ = {
			isa = PBXResourcesBuildPhase;
			buildActionMask = 2147483647;
			files = (
			);
			runOnlyForDeploymentPostprocessing = 0;
		};
/* End PBXResourcesBuildPhase section */

/* Begin PBXSourcesBuildPhase section */
		6A3B247521D41CA100474B87 /* Sources */ = {
			isa = PBXSourcesBuildPhase;
			buildActionMask = 2147483647;
			files = (
				6A3B248321D41CA100474B87 /* GameScene.swift in Sources */,
				6A3B24BF21D42B1300474B87 /* SKNode+Extensions.swift in Sources */,
				6AE06ADE22661335002107AC /* Random.swift in Sources */,
				6A9AA518228216E800A89F1F /* MenuScene.swift in Sources */,
				6AB0E23C21D52E95009C0B30 /* Layer.swift in Sources */,
				6A3B248521D41CA100474B87 /* GameViewController.swift in Sources */,
				6AFDEB2A21DFE625007BEBFE /* ObjectHelper.swift in Sources */,
				6AB0E24321D54807009C0B30 /* Player.swift in Sources */,
				6AB0E24021D5415F009C0B30 /* GameConstants.swift in Sources */,
				6AB0E24A21D55CBE009C0B30 /* AnimationHelper.swift in Sources */,
				6A3B247D21D41CA100474B87 /* AppDelegate.swift in Sources */,
				6AB0E23E21D53BA2009C0B30 /* RepeatingLayer.swift in Sources */,
				6AB0E24821D55874009C0B30 /* GroundNode.swift in Sources */,
				6AB0E24621D54F74009C0B30 /* PhysicsHelper.swift in Sources */,
			);
			runOnlyForDeploymentPostprocessing = 0;
		};
		6A3B248F21D41CA200474B87 /* Sources */ = {
			isa = PBXSourcesBuildPhase;
			buildActionMask = 2147483647;
			files = (
				6A3B249821D41CA200474B87 /* Midi_RunTests.swift in Sources */,
			);
			runOnlyForDeploymentPostprocessing = 0;
		};
		6A3B249A21D41CA200474B87 /* Sources */ = {
			isa = PBXSourcesBuildPhase;
			buildActionMask = 2147483647;
			files = (
				6A3B24A321D41CA200474B87 /* Midi_RunUITests.swift in Sources */,
			);
			runOnlyForDeploymentPostprocessing = 0;
		};
/* End PBXSourcesBuildPhase section */

/* Begin PBXTargetDependency section */
		6A3B249521D41CA200474B87 /* PBXTargetDependency */ = {
			isa = PBXTargetDependency;
			target = 6A3B247821D41CA100474B87 /* Midi Run */;
			targetProxy = 6A3B249421D41CA200474B87 /* PBXContainerItemProxy */;
		};
		6A3B24A021D41CA200474B87 /* PBXTargetDependency */ = {
			isa = PBXTargetDependency;
			target = 6A3B247821D41CA100474B87 /* Midi Run */;
			targetProxy = 6A3B249F21D41CA200474B87 /* PBXContainerItemProxy */;
		};
/* End PBXTargetDependency section */

/* Begin PBXVariantGroup section */
		6A3B248621D41CA100474B87 /* Main.storyboard */ = {
			isa = PBXVariantGroup;
			children = (
				6A3B248721D41CA100474B87 /* Base */,
			);
			name = Main.storyboard;
			sourceTree = "<group>";
		};
		6A3B248B21D41CA200474B87 /* LaunchScreen.storyboard */ = {
			isa = PBXVariantGroup;
			children = (
				6A3B248C21D41CA200474B87 /* Base */,
			);
			name = LaunchScreen.storyboard;
			sourceTree = "<group>";
		};
/* End PBXVariantGroup section */

/* Begin XCBuildConfiguration section */
		6A3B24A521D41CA200474B87 /* Debug */ = {
			isa = XCBuildConfiguration;
			buildSettings = {
				ALWAYS_SEARCH_USER_PATHS = NO;
				CLANG_ANALYZER_NONNULL = YES;
				CLANG_ANALYZER_NUMBER_OBJECT_CONVERSION = YES_AGGRESSIVE;
				CLANG_CXX_LANGUAGE_STANDARD = "gnu++14";
				CLANG_CXX_LIBRARY = "libc++";
				CLANG_ENABLE_MODULES = YES;
				CLANG_ENABLE_OBJC_ARC = YES;
				CLANG_ENABLE_OBJC_WEAK = YES;
				CLANG_WARN_BLOCK_CAPTURE_AUTORELEASING = YES;
				CLANG_WARN_BOOL_CONVERSION = YES;
				CLANG_WARN_COMMA = YES;
				CLANG_WARN_CONSTANT_CONVERSION = YES;
				CLANG_WARN_DEPRECATED_OBJC_IMPLEMENTATIONS = YES;
				CLANG_WARN_DIRECT_OBJC_ISA_USAGE = YES_ERROR;
				CLANG_WARN_DOCUMENTATION_COMMENTS = YES;
				CLANG_WARN_EMPTY_BODY = YES;
				CLANG_WARN_ENUM_CONVERSION = YES;
				CLANG_WARN_INFINITE_RECURSION = YES;
				CLANG_WARN_INT_CONVERSION = YES;
				CLANG_WARN_NON_LITERAL_NULL_CONVERSION = YES;
				CLANG_WARN_OBJC_IMPLICIT_RETAIN_SELF = YES;
				CLANG_WARN_OBJC_LITERAL_CONVERSION = YES;
				CLANG_WARN_OBJC_ROOT_CLASS = YES_ERROR;
				CLANG_WARN_RANGE_LOOP_ANALYSIS = YES;
				CLANG_WARN_STRICT_PROTOTYPES = YES;
				CLANG_WARN_SUSPICIOUS_MOVE = YES;
				CLANG_WARN_UNGUARDED_AVAILABILITY = YES_AGGRESSIVE;
				CLANG_WARN_UNREACHABLE_CODE = YES;
				CLANG_WARN__DUPLICATE_METHOD_MATCH = YES;
				CODE_SIGN_IDENTITY = "iPhone Developer";
				COPY_PHASE_STRIP = NO;
				DEBUG_INFORMATION_FORMAT = dwarf;
				ENABLE_STRICT_OBJC_MSGSEND = YES;
				ENABLE_TESTABILITY = YES;
				GCC_C_LANGUAGE_STANDARD = gnu11;
				GCC_DYNAMIC_NO_PIC = NO;
				GCC_NO_COMMON_BLOCKS = YES;
				GCC_OPTIMIZATION_LEVEL = 0;
				GCC_PREPROCESSOR_DEFINITIONS = (
					"DEBUG=1",
					"$(inherited)",
				);
				GCC_WARN_64_TO_32_BIT_CONVERSION = YES;
				GCC_WARN_ABOUT_RETURN_TYPE = YES_ERROR;
				GCC_WARN_UNDECLARED_SELECTOR = YES;
				GCC_WARN_UNINITIALIZED_AUTOS = YES_AGGRESSIVE;
				GCC_WARN_UNUSED_FUNCTION = YES;
				GCC_WARN_UNUSED_VARIABLE = YES;
				IPHONEOS_DEPLOYMENT_TARGET = 12.0;
				MTL_ENABLE_DEBUG_INFO = INCLUDE_SOURCE;
				MTL_FAST_MATH = YES;
				ONLY_ACTIVE_ARCH = YES;
				SDKROOT = iphoneos;
				SWIFT_ACTIVE_COMPILATION_CONDITIONS = DEBUG;
				SWIFT_OPTIMIZATION_LEVEL = "-Onone";
			};
			name = Debug;
		};
		6A3B24A621D41CA200474B87 /* Release */ = {
			isa = XCBuildConfiguration;
			buildSettings = {
				ALWAYS_SEARCH_USER_PATHS = NO;
				CLANG_ANALYZER_NONNULL = YES;
				CLANG_ANALYZER_NUMBER_OBJECT_CONVERSION = YES_AGGRESSIVE;
				CLANG_CXX_LANGUAGE_STANDARD = "gnu++14";
				CLANG_CXX_LIBRARY = "libc++";
				CLANG_ENABLE_MODULES = YES;
				CLANG_ENABLE_OBJC_ARC = YES;
				CLANG_ENABLE_OBJC_WEAK = YES;
				CLANG_WARN_BLOCK_CAPTURE_AUTORELEASING = YES;
				CLANG_WARN_BOOL_CONVERSION = YES;
				CLANG_WARN_COMMA = YES;
				CLANG_WARN_CONSTANT_CONVERSION = YES;
				CLANG_WARN_DEPRECATED_OBJC_IMPLEMENTATIONS = YES;
				CLANG_WARN_DIRECT_OBJC_ISA_USAGE = YES_ERROR;
				CLANG_WARN_DOCUMENTATION_COMMENTS = YES;
				CLANG_WARN_EMPTY_BODY = YES;
				CLANG_WARN_ENUM_CONVERSION = YES;
				CLANG_WARN_INFINITE_RECURSION = YES;
				CLANG_WARN_INT_CONVERSION = YES;
				CLANG_WARN_NON_LITERAL_NULL_CONVERSION = YES;
				CLANG_WARN_OBJC_IMPLICIT_RETAIN_SELF = YES;
				CLANG_WARN_OBJC_LITERAL_CONVERSION = YES;
				CLANG_WARN_OBJC_ROOT_CLASS = YES_ERROR;
				CLANG_WARN_RANGE_LOOP_ANALYSIS = YES;
				CLANG_WARN_STRICT_PROTOTYPES = YES;
				CLANG_WARN_SUSPICIOUS_MOVE = YES;
				CLANG_WARN_UNGUARDED_AVAILABILITY = YES_AGGRESSIVE;
				CLANG_WARN_UNREACHABLE_CODE = YES;
				CLANG_WARN__DUPLICATE_METHOD_MATCH = YES;
				CODE_SIGN_IDENTITY = "iPhone Developer";
				COPY_PHASE_STRIP = NO;
				DEBUG_INFORMATION_FORMAT = "dwarf-with-dsym";
				ENABLE_NS_ASSERTIONS = NO;
				ENABLE_STRICT_OBJC_MSGSEND = YES;
				GCC_C_LANGUAGE_STANDARD = gnu11;
				GCC_NO_COMMON_BLOCKS = YES;
				GCC_WARN_64_TO_32_BIT_CONVERSION = YES;
				GCC_WARN_ABOUT_RETURN_TYPE = YES_ERROR;
				GCC_WARN_UNDECLARED_SELECTOR = YES;
				GCC_WARN_UNINITIALIZED_AUTOS = YES_AGGRESSIVE;
				GCC_WARN_UNUSED_FUNCTION = YES;
				GCC_WARN_UNUSED_VARIABLE = YES;
				IPHONEOS_DEPLOYMENT_TARGET = 12.0;
				MTL_ENABLE_DEBUG_INFO = NO;
				MTL_FAST_MATH = YES;
				SDKROOT = iphoneos;
				SWIFT_COMPILATION_MODE = wholemodule;
				SWIFT_OPTIMIZATION_LEVEL = "-O";
				VALIDATE_PRODUCT = YES;
			};
			name = Release;
		};
		6A3B24A821D41CA200474B87 /* Debug */ = {
			isa = XCBuildConfiguration;
			buildSettings = {
				ASSETCATALOG_COMPILER_APPICON_NAME = AppIcon;
				CODE_SIGN_STYLE = Automatic;
				DEVELOPMENT_TEAM = 2357YPA7SL;
				INFOPLIST_FILE = "$(SRCROOT)/Midi Run/Template/Info.plist";
				LD_RUNPATH_SEARCH_PATHS = (
					"$(inherited)",
					"@executable_path/Frameworks",
				);
				PRODUCT_BUNDLE_IDENTIFIER = "AK.Midi-Run";
				PRODUCT_NAME = "$(TARGET_NAME)";
				SWIFT_VERSION = 4.2;
				TARGETED_DEVICE_FAMILY = "1,2";
			};
			name = Debug;
		};
		6A3B24A921D41CA200474B87 /* Release */ = {
			isa = XCBuildConfiguration;
			buildSettings = {
				ASSETCATALOG_COMPILER_APPICON_NAME = AppIcon;
				CODE_SIGN_STYLE = Automatic;
				DEVELOPMENT_TEAM = 2357YPA7SL;
				INFOPLIST_FILE = "$(SRCROOT)/Midi Run/Template/Info.plist";
				LD_RUNPATH_SEARCH_PATHS = (
					"$(inherited)",
					"@executable_path/Frameworks",
				);
				PRODUCT_BUNDLE_IDENTIFIER = "AK.Midi-Run";
				PRODUCT_NAME = "$(TARGET_NAME)";
				SWIFT_VERSION = 4.2;
				TARGETED_DEVICE_FAMILY = "1,2";
			};
			name = Release;
		};
		6A3B24AB21D41CA200474B87 /* Debug */ = {
			isa = XCBuildConfiguration;
			buildSettings = {
				ALWAYS_EMBED_SWIFT_STANDARD_LIBRARIES = YES;
				BUNDLE_LOADER = "$(TEST_HOST)";
				CODE_SIGN_STYLE = Automatic;
				DEVELOPMENT_TEAM = 2357YPA7SL;
				INFOPLIST_FILE = "Midi RunTests/Info.plist";
				LD_RUNPATH_SEARCH_PATHS = (
					"$(inherited)",
					"@executable_path/Frameworks",
					"@loader_path/Frameworks",
				);
				PRODUCT_BUNDLE_IDENTIFIER = "AK.Midi-RunTests";
				PRODUCT_NAME = "$(TARGET_NAME)";
				SWIFT_VERSION = 4.2;
				TARGETED_DEVICE_FAMILY = "1,2";
				TEST_HOST = "$(BUILT_PRODUCTS_DIR)/Midi Run.app/Midi Run";
			};
			name = Debug;
		};
		6A3B24AC21D41CA200474B87 /* Release */ = {
			isa = XCBuildConfiguration;
			buildSettings = {
				ALWAYS_EMBED_SWIFT_STANDARD_LIBRARIES = YES;
				BUNDLE_LOADER = "$(TEST_HOST)";
				CODE_SIGN_STYLE = Automatic;
				DEVELOPMENT_TEAM = 2357YPA7SL;
				INFOPLIST_FILE = "Midi RunTests/Info.plist";
				LD_RUNPATH_SEARCH_PATHS = (
					"$(inherited)",
					"@executable_path/Frameworks",
					"@loader_path/Frameworks",
				);
				PRODUCT_BUNDLE_IDENTIFIER = "AK.Midi-RunTests";
				PRODUCT_NAME = "$(TARGET_NAME)";
				SWIFT_VERSION = 4.2;
				TARGETED_DEVICE_FAMILY = "1,2";
				TEST_HOST = "$(BUILT_PRODUCTS_DIR)/Midi Run.app/Midi Run";
			};
			name = Release;
		};
		6A3B24AE21D41CA200474B87 /* Debug */ = {
			isa = XCBuildConfiguration;
			buildSettings = {
				ALWAYS_EMBED_SWIFT_STANDARD_LIBRARIES = YES;
				CODE_SIGN_STYLE = Automatic;
				DEVELOPMENT_TEAM = 2357YPA7SL;
				INFOPLIST_FILE = "Midi RunUITests/Info.plist";
				LD_RUNPATH_SEARCH_PATHS = (
					"$(inherited)",
					"@executable_path/Frameworks",
					"@loader_path/Frameworks",
				);
				PRODUCT_BUNDLE_IDENTIFIER = "AK.Midi-RunUITests";
				PRODUCT_NAME = "$(TARGET_NAME)";
				SWIFT_VERSION = 4.2;
				TARGETED_DEVICE_FAMILY = "1,2";
				TEST_TARGET_NAME = "Midi Run";
			};
			name = Debug;
		};
		6A3B24AF21D41CA200474B87 /* Release */ = {
			isa = XCBuildConfiguration;
			buildSettings = {
				ALWAYS_EMBED_SWIFT_STANDARD_LIBRARIES = YES;
				CODE_SIGN_STYLE = Automatic;
				DEVELOPMENT_TEAM = 2357YPA7SL;
				INFOPLIST_FILE = "Midi RunUITests/Info.plist";
				LD_RUNPATH_SEARCH_PATHS = (
					"$(inherited)",
					"@executable_path/Frameworks",
					"@loader_path/Frameworks",
				);
				PRODUCT_BUNDLE_IDENTIFIER = "AK.Midi-RunUITests";
				PRODUCT_NAME = "$(TARGET_NAME)";
				SWIFT_VERSION = 4.2;
				TARGETED_DEVICE_FAMILY = "1,2";
				TEST_TARGET_NAME = "Midi Run";
			};
			name = Release;
		};
/* End XCBuildConfiguration section */

/* Begin XCConfigurationList section */
		6A3B247421D41CA100474B87 /* Build configuration list for PBXProject "Midi Run" */ = {
			isa = XCConfigurationList;
			buildConfigurations = (
				6A3B24A521D41CA200474B87 /* Debug */,
				6A3B24A621D41CA200474B87 /* Release */,
			);
			defaultConfigurationIsVisible = 0;
			defaultConfigurationName = Release;
		};
		6A3B24A721D41CA200474B87 /* Build configuration list for PBXNativeTarget "Midi Run" */ = {
			isa = XCConfigurationList;
			buildConfigurations = (
				6A3B24A821D41CA200474B87 /* Debug */,
				6A3B24A921D41CA200474B87 /* Release */,
			);
			defaultConfigurationIsVisible = 0;
			defaultConfigurationName = Release;
		};
		6A3B24AA21D41CA200474B87 /* Build configuration list for PBXNativeTarget "Midi RunTests" */ = {
			isa = XCConfigurationList;
			buildConfigurations = (
				6A3B24AB21D41CA200474B87 /* Debug */,
				6A3B24AC21D41CA200474B87 /* Release */,
			);
			defaultConfigurationIsVisible = 0;
			defaultConfigurationName = Release;
		};
		6A3B24AD21D41CA200474B87 /* Build configuration list for PBXNativeTarget "Midi RunUITests" */ = {
			isa = XCConfigurationList;
			buildConfigurations = (
				6A3B24AE21D41CA200474B87 /* Debug */,
				6A3B24AF21D41CA200474B87 /* Release */,
			);
			defaultConfigurationIsVisible = 0;
			defaultConfigurationName = Release;
		};
/* End XCConfigurationList section */
	};
	rootObject = 6A3B247121D41CA100474B87 /* Project object */;
}
